
Microsoft Visual Studio Solution File, Format Version 12.00
# Visual Studio 15
VisualStudioVersion = 15.0.27703.2018
MinimumVisualStudioVersion = 10.0.40219.1
Project("{FAE04EC0-301F-11D3-BF4B-00C04F79EFBC}") = "Move Picture 1", "Move Picture 1\Move Picture 1.csproj", "{ED687C71-5AA9-4FB6-A10E-074293421E7A}"
EndProject
Global
	GlobalSection(SolutionConfigurationPlatforms) = preSolution
		Debug|Any CPU = Debug|Any CPU
		Release|Any CPU = Release|Any CPU
	EndGlobalSection
	GlobalSection(ProjectConfigurationPlatforms) = postSolution
		{ED687C71-5AA9-4FB6-A10E-074293421E7A}.Debug|Any CPU.ActiveCfg = Debug|Any CPU
		{ED687C71-5AA9-4FB6-A10E-074293421E7A}.Debug|Any CPU.Build.0 = Debug|Any CPU
		{ED687C71-5AA9-4FB6-A10E-074293421E7A}.Release|Any CPU.ActiveCfg = Release|Any CPU
		{ED687C71-5AA9-4FB6-A10E-074293421E7A}.Release|Any CPU.Build.0 = Release|Any CPU
	EndGlobalSection
	GlobalSection(SolutionProperties) = preSolution
		HideSolutionNode = FALSE
	EndGlobalSection
	GlobalSection(ExtensibilityGlobals) = postSolution
		SolutionGuid = {E0BA94CD-C782-4FC8-8959-76BA04B6FF7E}
	EndGlobalSection
EndGlobal
